
Microsoft Visual Studio Solution File, Format Version 12.00
# Visual Studio Version 16
VisualStudioVersion = 16.0.29806.167
MinimumVisualStudioVersion = 10.0.40219.1
Project("{9A19103F-16F7-4668-BE54-9A1E7A4F7556}") = "PhoneBookApplication", "PhoneBookApplication\PhoneBookApplication.csproj", "{99E66CAA-73D4-4966-95E4-1E901F09029C}"
EndProject
Project("{00D1A9C2-B5F0-4AF3-8072-F6C62B433612}") = "dbPhoneBook", "dbPhoneBook\dbPhoneBook.sqlproj", "{BA703D89-6F4F-4C0F-A134-50DF863FB633}"
EndProject
Global
	GlobalSection(SolutionConfigurationPlatforms) = preSolution
		Debug|Any CPU = Debug|Any CPU
		Release|Any CPU = Release|Any CPU
	EndGlobalSection
	GlobalSection(ProjectConfigurationPlatforms) = postSolution
		{99E66CAA-73D4-4966-95E4-1E901F09029C}.Debug|Any CPU.ActiveCfg = Debug|Any CPU
		{99E66CAA-73D4-4966-95E4-1E901F09029C}.Debug|Any CPU.Build.0 = Debug|Any CPU
		{99E66CAA-73D4-4966-95E4-1E901F09029C}.Release|Any CPU.ActiveCfg = Release|Any CPU
		{99E66CAA-73D4-4966-95E4-1E901F09029C}.Release|Any CPU.Build.0 = Release|Any CPU
		{BA703D89-6F4F-4C0F-A134-50DF863FB633}.Debug|Any CPU.ActiveCfg = Debug|Any CPU
		{BA703D89-6F4F-4C0F-A134-50DF863FB633}.Debug|Any CPU.Build.0 = Debug|Any CPU
		{BA703D89-6F4F-4C0F-A134-50DF863FB633}.Debug|Any CPU.Deploy.0 = Debug|Any CPU
		{BA703D89-6F4F-4C0F-A134-50DF863FB633}.Release|Any CPU.ActiveCfg = Release|Any CPU
		{BA703D89-6F4F-4C0F-A134-50DF863FB633}.Release|Any CPU.Build.0 = Release|Any CPU
		{BA703D89-6F4F-4C0F-A134-50DF863FB633}.Release|Any CPU.Deploy.0 = Release|Any CPU
	EndGlobalSection
	GlobalSection(SolutionProperties) = preSolution
		HideSolutionNode = FALSE
	EndGlobalSection
	GlobalSection(ExtensibilityGlobals) = postSolution
		SolutionGuid = {9FA0A839-8600-44BE-9146-7871D6BFA98A}
	EndGlobalSection
EndGlobal
